// !$*UTF8*$!
{
	archiveVersion = 1;
	classes = {
	};
	objectVersion = 46;
	objects = {

/* Begin PBXBuildFile section */
		4E889A291E08C053001A5FC4 /* main.m in Sources */ = {isa = PBXBuildFile; fileRef = 4E889A281E08C053001A5FC4 /* main.m */; };
		4E889A2C1E08C054001A5FC4 /* AppDelegate.m in Sources */ = {isa = PBXBuildFile; fileRef = 4E889A2B1E08C054001A5FC4 /* AppDelegate.m */; };
		4E889A2F1E08C054001A5FC4 /* ViewController.m in Sources */ = {isa = PBXBuildFile; fileRef = 4E889A2E1E08C054001A5FC4 /* ViewController.m */; };
		4E889A321E08C054001A5FC4 /* Main.storyboard in Resources */ = {isa = PBXBuildFile; fileRef = 4E889A301E08C054001A5FC4 /* Main.storyboard */; };
		4E889A341E08C054001A5FC4 /* Assets.xcassets in Resources */ = {isa = PBXBuildFile; fileRef = 4E889A331E08C054001A5FC4 /* Assets.xcassets */; };
		4E889A371E08C054001A5FC4 /* LaunchScreen.storyboard in Resources */ = {isa = PBXBuildFile; fileRef = 4E889A351E08C054001A5FC4 /* LaunchScreen.storyboard */; };
		4E889A401E08C724001A5FC4 /* TestParentView.m in Sources */ = {isa = PBXBuildFile; fileRef = 4E889A3F1E08C724001A5FC4 /* TestParentView.m */; };
		4E889A441E08DB1F001A5FC4 /* SFParentView.swift in Sources */ = {isa = PBXBuildFile; fileRef = 4E889A431E08DB1F001A5FC4 /* SFParentView.swift */; };
		B92DD18A1E11620000A73F2D /* MotionEventViewController.swift in Sources */ = {isa = PBXBuildFile; fileRef = B92DD1891E11620000A73F2D /* MotionEventViewController.swift */; };
		B98EB12E1E12A4DC0072A835 /* ShakeMotionViewController.swift in Sources */ = {isa = PBXBuildFile; fileRef = B98EB12D1E12A4DC0072A835 /* ShakeMotionViewController.swift */; };
/* End PBXBuildFile section */

/* Begin PBXFileReference section */
		4E889A241E08C053001A5FC4 /* DeliverTouchEventsToViewOutsideTheParentView.app */ = {isa = PBXFileReference; explicitFileType = wrapper.application; includeInIndex = 0; path = DeliverTouchEventsToViewOutsideTheParentView.app; sourceTree = BUILT_PRODUCTS_DIR; };
		4E889A281E08C053001A5FC4 /* main.m */ = {isa = PBXFileReference; lastKnownFileType = sourcecode.c.objc; path = main.m; sourceTree = "<group>"; };
		4E889A2A1E08C053001A5FC4 /* AppDelegate.h */ = {isa = PBXFileReference; lastKnownFileType = sourcecode.c.h; path = AppDelegate.h; sourceTree = "<group>"; };
		4E889A2B1E08C054001A5FC4 /* AppDelegate.m */ = {isa = PBXFileReference; lastKnownFileType = sourcecode.c.objc; path = AppDelegate.m; sourceTree = "<group>"; };
		4E889A2D1E08C054001A5FC4 /* ViewController.h */ = {isa = PBXFileReference; lastKnownFileType = sourcecode.c.h; path = ViewController.h; sourceTree = "<group>"; };
		4E889A2E1E08C054001A5FC4 /* ViewController.m */ = {isa = PBXFileReference; lastKnownFileType = sourcecode.c.objc; path = ViewController.m; sourceTree = "<group>"; };
		4E889A311E08C054001A5FC4 /* Base */ = {isa = PBXFileReference; lastKnownFileType = file.storyboard; name = Base; path = Base.lproj/Main.storyboard; sourceTree = "<group>"; };
		4E889A331E08C054001A5FC4 /* Assets.xcassets */ = {isa = PBXFileReference; lastKnownFileType = folder.assetcatalog; path = Assets.xcassets; sourceTree = "<group>"; };
		4E889A361E08C054001A5FC4 /* Base */ = {isa = PBXFileReference; lastKnownFileType = file.storyboard; name = Base; path = Base.lproj/LaunchScreen.storyboard; sourceTree = "<group>"; };
		4E889A381E08C054001A5FC4 /* Info.plist */ = {isa = PBXFileReference; lastKnownFileType = text.plist.xml; path = Info.plist; sourceTree = "<group>"; };
		4E889A3E1E08C724001A5FC4 /* TestParentView.h */ = {isa = PBXFileReference; fileEncoding = 4; lastKnownFileType = sourcecode.c.h; path = TestParentView.h; sourceTree = "<group>"; };
		4E889A3F1E08C724001A5FC4 /* TestParentView.m */ = {isa = PBXFileReference; fileEncoding = 4; lastKnownFileType = sourcecode.c.objc; path = TestParentView.m; sourceTree = "<group>"; };
		4E889A421E08DB1F001A5FC4 /* DeliverTouchEventsToViewOutsideTheParentView-Bridging-Header.h */ = {isa = PBXFileReference; lastKnownFileType = sourcecode.c.h; path = "DeliverTouchEventsToViewOutsideTheParentView-Bridging-Header.h"; sourceTree = "<group>"; };
		4E889A431E08DB1F001A5FC4 /* SFParentView.swift */ = {isa = PBXFileReference; fileEncoding = 4; lastKnownFileType = sourcecode.swift; path = SFParentView.swift; sourceTree = "<group>"; };
		B92DD1891E11620000A73F2D /* MotionEventViewController.swift */ = {isa = PBXFileReference; fileEncoding = 4; lastKnownFileType = sourcecode.swift; path = MotionEventViewController.swift; sourceTree = "<group>"; };
		B98EB12D1E12A4DC0072A835 /* ShakeMotionViewController.swift */ = {isa = PBXFileReference; fileEncoding = 4; lastKnownFileType = sourcecode.swift; path = ShakeMotionViewController.swift; sourceTree = "<group>"; };
/* End PBXFileReference section */

/* Begin PBXFrameworksBuildPhase section */
		4E889A211E08C053001A5FC4 /* Frameworks */ = {
			isa = PBXFrameworksBuildPhase;
			buildActionMask = 2147483647;
			files = (
			);
			runOnlyForDeploymentPostprocessing = 0;
		};
/* End PBXFrameworksBuildPhase section */

/* Begin PBXGroup section */
		4E889A1B1E08C053001A5FC4 = {
			isa = PBXGroup;
			children = (
				4E889A261E08C053001A5FC4 /* DeliverTouchEventsToViewOutsideTheParentView */,
				4E889A251E08C053001A5FC4 /* Products */,
			);
			sourceTree = "<group>";
		};
		4E889A251E08C053001A5FC4 /* Products */ = {
			isa = PBXGroup;
			children = (
				4E889A241E08C053001A5FC4 /* DeliverTouchEventsToViewOutsideTheParentView.app */,
			);
			name = Products;
			sourceTree = "<group>";
		};
		4E889A261E08C053001A5FC4 /* DeliverTouchEventsToViewOutsideTheParentView */ = {
			isa = PBXGroup;
			children = (
				4E889A2A1E08C053001A5FC4 /* AppDelegate.h */,
				4E889A2B1E08C054001A5FC4 /* AppDelegate.m */,
				4E889A2D1E08C054001A5FC4 /* ViewController.h */,
				4E889A2E1E08C054001A5FC4 /* ViewController.m */,
				4E889A3E1E08C724001A5FC4 /* TestParentView.h */,
				4E889A3F1E08C724001A5FC4 /* TestParentView.m */,
				4E889A411E08DAE8001A5FC4 /* Swift */,
				4E889A301E08C054001A5FC4 /* Main.storyboard */,
				4E889A331E08C054001A5FC4 /* Assets.xcassets */,
				4E889A351E08C054001A5FC4 /* LaunchScreen.storyboard */,
				4E889A381E08C054001A5FC4 /* Info.plist */,
				4E889A271E08C053001A5FC4 /* Supporting Files */,
			);
			path = DeliverTouchEventsToViewOutsideTheParentView;
			sourceTree = "<group>";
		};
		4E889A271E08C053001A5FC4 /* Supporting Files */ = {
			isa = PBXGroup;
			children = (
				4E889A281E08C053001A5FC4 /* main.m */,
			);
			name = "Supporting Files";
			sourceTree = "<group>";
		};
		4E889A411E08DAE8001A5FC4 /* Swift */ = {
			isa = PBXGroup;
			children = (
				B92DD1891E11620000A73F2D /* MotionEventViewController.swift */,
				B98EB12D1E12A4DC0072A835 /* ShakeMotionViewController.swift */,
				4E889A431E08DB1F001A5FC4 /* SFParentView.swift */,
				4E889A421E08DB1F001A5FC4 /* DeliverTouchEventsToViewOutsideTheParentView-Bridging-Header.h */,
			);
			name = Swift;
			sourceTree = "<group>";
		};
/* End PBXGroup section */

/* Begin PBXNativeTarget section */
		4E889A231E08C053001A5FC4 /* DeliverTouchEventsToViewOutsideTheParentView */ = {
			isa = PBXNativeTarget;
			buildConfigurationList = 4E889A3B1E08C054001A5FC4 /* Build configuration list for PBXNativeTarget "DeliverTouchEventsToViewOutsideTheParentView" */;
			buildPhases = (
				4E889A201E08C053001A5FC4 /* Sources */,
				4E889A211E08C053001A5FC4 /* Frameworks */,
				4E889A221E08C053001A5FC4 /* Resources */,
			);
			buildRules = (
			);
			dependencies = (
			);
			name = DeliverTouchEventsToViewOutsideTheParentView;
			productName = DeliverTouchEventsToViewOutsideTheParentView;
			productReference = 4E889A241E08C053001A5FC4 /* DeliverTouchEventsToViewOutsideTheParentView.app */;
			productType = "com.apple.product-type.application";
		};
/* End PBXNativeTarget section */

/* Begin PBXProject section */
		4E889A1C1E08C053001A5FC4 /* Project object */ = {
			isa = PBXProject;
			attributes = {
				LastUpgradeCheck = 0820;
				ORGANIZATIONNAME = lilingjie;
				TargetAttributes = {
					4E889A231E08C053001A5FC4 = {
						CreatedOnToolsVersion = 8.2;
						DevelopmentTeam = KVVYS4U5HE;
						LastSwiftMigration = 0820;
						ProvisioningStyle = Automatic;
					};
				};
			};
			buildConfigurationList = 4E889A1F1E08C053001A5FC4 /* Build configuration list for PBXProject "DeliverTouchEventsToViewOutsideTheParentView" */;
			compatibilityVersion = "Xcode 3.2";
			developmentRegion = English;
			hasScannedForEncodings = 0;
			knownRegions = (
				en,
				Base,
			);
			mainGroup = 4E889A1B1E08C053001A5FC4;
			productRefGroup = 4E889A251E08C053001A5FC4 /* Products */;
			projectDirPath = "";
			projectRoot = "";
			targets = (
				4E889A231E08C053001A5FC4 /* DeliverTouchEventsToViewOutsideTheParentView */,
			);
		};
/* End PBXProject section */

/* Begin PBXResourcesBuildPhase section */
		4E889A221E08C053001A5FC4 /* Resources */ = {
			isa = PBXResourcesBuildPhase;
			buildActionMask = 2147483647;
			files = (
				4E889A371E08C054001A5FC4 /* LaunchScreen.storyboard in Resources */,
				4E889A341E08C054001A5FC4 /* Assets.xcassets in Resources */,
				4E889A321E08C054001A5FC4 /* Main.storyboard in Resources */,
			);
			runOnlyForDeploymentPostprocessing = 0;
		};
/* End PBXResourcesBuildPhase section */

/* Begin PBXSourcesBuildPhase section */
		4E889A201E08C053001A5FC4 /* Sources */ = {
			isa = PBXSourcesBuildPhase;
			buildActionMask = 2147483647;
			files = (
				4E889A401E08C724001A5FC4 /* TestParentView.m in Sources */,
				B92DD18A1E11620000A73F2D /* MotionEventViewController.swift in Sources */,
				4E889A2F1E08C054001A5FC4 /* ViewController.m in Sources */,
				4E889A2C1E08C054001A5FC4 /* AppDelegate.m in Sources */,
				B98EB12E1E12A4DC0072A835 /* ShakeMotionViewController.swift in Sources */,
				4E889A441E08DB1F001A5FC4 /* SFParentView.swift in Sources */,
				4E889A291E08C053001A5FC4 /* main.m in Sources */,
			);
			runOnlyForDeploymentPostprocessing = 0;
		};
/* End PBXSourcesBuildPhase section */

/* Begin PBXVariantGroup section */
		4E889A301E08C054001A5FC4 /* Main.storyboard */ = {
			isa = PBXVariantGroup;
			children = (
				4E889A311E08C054001A5FC4 /* Base */,
			);
			name = Main.storyboard;
			sourceTree = "<group>";
		};
		4E889A351E08C054001A5FC4 /* LaunchScreen.storyboard */ = {
			isa = PBXVariantGroup;
			children = (
				4E889A361E08C054001A5FC4 /* Base */,
			);
			name = LaunchScreen.storyboard;
			sourceTree = "<group>";
		};
/* End PBXVariantGroup section */

/* Begin XCBuildConfiguration section */
		4E889A391E08C054001A5FC4 /* Debug */ = {
			isa = XCBuildConfiguration;
			buildSettings = {
				ALWAYS_SEARCH_USER_PATHS = NO;
				CLANG_ANALYZER_NONNULL = YES;
				CLANG_CXX_LANGUAGE_STANDARD = "gnu++0x";
				CLANG_CXX_LIBRARY = "libc++";
				CLANG_ENABLE_MODULES = YES;
				CLANG_ENABLE_OBJC_ARC = YES;
				CLANG_WARN_BOOL_CONVERSION = YES;
				CLANG_WARN_CONSTANT_CONVERSION = YES;
				CLANG_WARN_DIRECT_OBJC_ISA_USAGE = YES_ERROR;
				CLANG_WARN_DOCUMENTATION_COMMENTS = YES;
				CLANG_WARN_EMPTY_BODY = YES;
				CLANG_WARN_ENUM_CONVERSION = YES;
				CLANG_WARN_INFINITE_RECURSION = YES;
				CLANG_WARN_INT_CONVERSION = YES;
				CLANG_WARN_OBJC_ROOT_CLASS = YES_ERROR;
				CLANG_WARN_SUSPICIOUS_MOVE = YES;
				CLANG_WARN_UNREACHABLE_CODE = YES;
				CLANG_WARN__DUPLICATE_METHOD_MATCH = YES;
				"CODE_SIGN_IDENTITY[sdk=iphoneos*]" = "iPhone Developer";
				COPY_PHASE_STRIP = NO;
				DEBUG_INFORMATION_FORMAT = dwarf;
				ENABLE_STRICT_OBJC_MSGSEND = YES;
				ENABLE_TESTABILITY = YES;
				GCC_C_LANGUAGE_STANDARD = gnu99;
				GCC_DYNAMIC_NO_PIC = NO;
				GCC_NO_COMMON_BLOCKS = YES;
				GCC_OPTIMIZATION_LEVEL = 0;
				GCC_PREPROCESSOR_DEFINITIONS = (
					"DEBUG=1",
					"$(inherited)",
				);
				GCC_WARN_64_TO_32_BIT_CONVERSION = YES;
				GCC_WARN_ABOUT_RETURN_TYPE = YES_ERROR;
				GCC_WARN_UNDECLARED_SELECTOR = YES;
				GCC_WARN_UNINITIALIZED_AUTOS = YES_AGGRESSIVE;
				GCC_WARN_UNUSED_FUNCTION = YES;
				GCC_WARN_UNUSED_VARIABLE = YES;
				IPHONEOS_DEPLOYMENT_TARGET = 10.2;
				MTL_ENABLE_DEBUG_INFO = YES;
				ONLY_ACTIVE_ARCH = YES;
				SDKROOT = iphoneos;
				TARGETED_DEVICE_FAMILY = "1,2";
			};
			name = Debug;
		};
		4E889A3A1E08C054001A5FC4 /* Release */ = {
			isa = XCBuildConfiguration;
			buildSettings = {
				ALWAYS_SEARCH_USER_PATHS = NO;
				CLANG_ANALYZER_NONNULL = YES;
				CLANG_CXX_LANGUAGE_STANDARD = "gnu++0x";
				CLANG_CXX_LIBRARY = "libc++";
				CLANG_ENABLE_MODULES = YES;
				CLANG_ENABLE_OBJC_ARC = YES;
				CLANG_WARN_BOOL_CONVERSION = YES;
				CLANG_WARN_CONSTANT_CONVERSION = YES;
				CLANG_WARN_DIRECT_OBJC_ISA_USAGE = YES_ERROR;
				CLANG_WARN_DOCUMENTATION_COMMENTS = YES;
				CLANG_WARN_EMPTY_BODY = YES;
				CLANG_WARN_ENUM_CONVERSION = YES;
				CLANG_WARN_INFINITE_RECURSION = YES;
				CLANG_WARN_INT_CONVERSION = YES;
				CLANG_WARN_OBJC_ROOT_CLASS = YES_ERROR;
				CLANG_WARN_SUSPICIOUS_MOVE = YES;
				CLANG_WARN_UNREACHABLE_CODE = YES;
				CLANG_WARN__DUPLICATE_METHOD_MATCH = YES;
				"CODE_SIGN_IDENTITY[sdk=iphoneos*]" = "iPhone Developer";
				COPY_PHASE_STRIP = NO;
				DEBUG_INFORMATION_FORMAT = "dwarf-with-dsym";
				ENABLE_NS_ASSERTIONS = NO;
				ENABLE_STRICT_OBJC_MSGSEND = YES;
				GCC_C_LANGUAGE_STANDARD = gnu99;
				GCC_NO_COMMON_BLOCKS = YES;
				GCC_WARN_64_TO_32_BIT_CONVERSION = YES;
				GCC_WARN_ABOUT_RETURN_TYPE = YES_ERROR;
				GCC_WARN_UNDECLARED_SELECTOR = YES;
				GCC_WARN_UNINITIALIZED_AUTOS = YES_AGGRESSIVE;
				GCC_WARN_UNUSED_FUNCTION = YES;
				GCC_WARN_UNUSED_VARIABLE = YES;
				IPHONEOS_DEPLOYMENT_TARGET = 10.2;
				MTL_ENABLE_DEBUG_INFO = NO;
				SDKROOT = iphoneos;
				TARGETED_DEVICE_FAMILY = "1,2";
				VALIDATE_PRODUCT = YES;
			};
			name = Release;
		};
		4E889A3C1E08C054001A5FC4 /* Debug */ = {
			isa = XCBuildConfiguration;
			buildSettings = {
				ASSETCATALOG_COMPILER_APPICON_NAME = AppIcon;
				CLANG_ENABLE_MODULES = YES;
				DEVELOPMENT_TEAM = KVVYS4U5HE;
				INFOPLIST_FILE = DeliverTouchEventsToViewOutsideTheParentView/Info.plist;
				LD_RUNPATH_SEARCH_PATHS = "$(inherited) @executable_path/Frameworks";
				PRODUCT_BUNDLE_IDENTIFIER = llj.DeliverTouchEventsToViewOutsideTheParentView;
				PRODUCT_NAME = "$(TARGET_NAME)";
				SWIFT_OBJC_BRIDGING_HEADER = "DeliverTouchEventsToViewOutsideTheParentView/DeliverTouchEventsToViewOutsideTheParentView-Bridging-Header.h";
				SWIFT_OPTIMIZATION_LEVEL = "-Onone";
				SWIFT_VERSION = 3.0;
			};
			name = Debug;
		};
		4E889A3D1E08C054001A5FC4 /* Release */ = {
			isa = XCBuildConfiguration;
			buildSettings = {
				ASSETCATALOG_COMPILER_APPICON_NAME = AppIcon;
				CLANG_ENABLE_MODULES = YES;
				DEVELOPMENT_TEAM = KVVYS4U5HE;
				INFOPLIST_FILE = DeliverTouchEventsToViewOutsideTheParentView/Info.plist;
				LD_RUNPATH_SEARCH_PATHS = "$(inherited) @executable_path/Frameworks";
				PRODUCT_BUNDLE_IDENTIFIER = llj.DeliverTouchEventsToViewOutsideTheParentView;
				PRODUCT_NAME = "$(TARGET_NAME)";
				SWIFT_OBJC_BRIDGING_HEADER = "DeliverTouchEventsToViewOutsideTheParentView/DeliverTouchEventsToViewOutsideTheParentView-Bridging-Header.h";
				SWIFT_VERSION = 3.0;
			};
			name = Release;
		};
/* End XCBuildConfiguration section */

/* Begin XCConfigurationList section */
		4E889A1F1E08C053001A5FC4 /* Build configuration list for PBXProject "DeliverTouchEventsToViewOutsideTheParentView" */ = {
			isa = XCConfigurationList;
			buildConfigurations = (
				4E889A391E08C054001A5FC4 /* Debug */,
				4E889A3A1E08C054001A5FC4 /* Release */,
			);
			defaultConfigurationIsVisible = 0;
			defaultConfigurationName = Release;
		};
		4E889A3B1E08C054001A5FC4 /* Build configuration list for PBXNativeTarget "DeliverTouchEventsToViewOutsideTheParentView" */ = {
			isa = XCConfigurationList;
			buildConfigurations = (
				4E889A3C1E08C054001A5FC4 /* Debug */,
				4E889A3D1E08C054001A5FC4 /* Release */,
			);
			defaultConfigurationIsVisible = 0;
			defaultConfigurationName = Release;
		};
/* End XCConfigurationList section */
	};
	rootObject = 4E889A1C1E08C053001A5FC4 /* Project object */;
}
